
Microsoft Visual Studio Solution File, Format Version 12.00
# Visual Studio Version 16
VisualStudioVersion = 16.0.31702.278
MinimumVisualStudioVersion = 10.0.40219.1
Project("{9A19103F-16F7-4668-BE54-9A1E7A4F7556}") = "CwiczenieStringBulder", "MAcierz\CwiczenieStringBulder.csproj", "{90E54C92-84B5-4A26-A1AE-892C9D8B2F1B}"
EndProject
Global
	GlobalSection(SolutionConfigurationPlatforms) = preSolution
		Debug|Any CPU = Debug|Any CPU
		Release|Any CPU = Release|Any CPU
	EndGlobalSection
	GlobalSection(ProjectConfigurationPlatforms) = postSolution
		{90E54C92-84B5-4A26-A1AE-892C9D8B2F1B}.Debug|Any CPU.ActiveCfg = Debug|Any CPU
		{90E54C92-84B5-4A26-A1AE-892C9D8B2F1B}.Debug|Any CPU.Build.0 = Debug|Any CPU
		{90E54C92-84B5-4A26-A1AE-892C9D8B2F1B}.Release|Any CPU.ActiveCfg = Release|Any CPU
		{90E54C92-84B5-4A26-A1AE-892C9D8B2F1B}.Release|Any CPU.Build.0 = Release|Any CPU
	EndGlobalSection
	GlobalSection(SolutionProperties) = preSolution
		HideSolutionNode = FALSE
	EndGlobalSection
	GlobalSection(ExtensibilityGlobals) = postSolution
		SolutionGuid = {5A2D38C4-2CEA-4957-886E-00999AFB4395}
	EndGlobalSection
EndGlobal
